// !$*UTF8*$!
{
	archiveVersion = 1;
	classes = {
	};
	objectVersion = 46;
	objects = {

/* Begin PBXBuildFile section */
		BC338CB31E8E0F140057A88C /* AppDelegate.swift in Sources */ = {isa = PBXBuildFile; fileRef = BC338CB21E8E0F140057A88C /* AppDelegate.swift */; };
		BC338CB51E8E0F140057A88C /* ViewController.swift in Sources */ = {isa = PBXBuildFile; fileRef = BC338CB41E8E0F140057A88C /* ViewController.swift */; };
		BC338CB81E8E0F140057A88C /* Main.storyboard in Resources */ = {isa = PBXBuildFile; fileRef = BC338CB61E8E0F140057A88C /* Main.storyboard */; };
		BC338CBA1E8E0F140057A88C /* Assets.xcassets in Resources */ = {isa = PBXBuildFile; fileRef = BC338CB91E8E0F140057A88C /* Assets.xcassets */; };
		BC338CBD1E8E0F140057A88C /* LaunchScreen.storyboard in Resources */ = {isa = PBXBuildFile; fileRef = BC338CBB1E8E0F140057A88C /* LaunchScreen.storyboard */; };
/* End PBXBuildFile section */

/* Begin PBXFileReference section */
		BC338CAF1E8E0F140057A88C /* MGLocationKitDemo.app */ = {isa = PBXFileReference; explicitFileType = wrapper.application; includeInIndex = 0; path = MGLocationKitDemo.app; sourceTree = BUILT_PRODUCTS_DIR; };
		BC338CB21E8E0F140057A88C /* AppDelegate.swift */ = {isa = PBXFileReference; lastKnownFileType = sourcecode.swift; path = AppDelegate.swift; sourceTree = "<group>"; };
		BC338CB41E8E0F140057A88C /* ViewController.swift */ = {isa = PBXFileReference; lastKnownFileType = sourcecode.swift; path = ViewController.swift; sourceTree = "<group>"; };
		BC338CB71E8E0F140057A88C /* Base */ = {isa = PBXFileReference; lastKnownFileType = file.storyboard; name = Base; path = Base.lproj/Main.storyboard; sourceTree = "<group>"; };
		BC338CB91E8E0F140057A88C /* Assets.xcassets */ = {isa = PBXFileReference; lastKnownFileType = folder.assetcatalog; path = Assets.xcassets; sourceTree = "<group>"; };
		BC338CBC1E8E0F140057A88C /* Base */ = {isa = PBXFileReference; lastKnownFileType = file.storyboard; name = Base; path = Base.lproj/LaunchScreen.storyboard; sourceTree = "<group>"; };
		BC338CBE1E8E0F140057A88C /* Info.plist */ = {isa = PBXFileReference; lastKnownFileType = text.plist.xml; path = Info.plist; sourceTree = "<group>"; };
/* End PBXFileReference section */

/* Begin PBXFrameworksBuildPhase section */
		BC338CAC1E8E0F140057A88C /* Frameworks */ = {
			isa = PBXFrameworksBuildPhase;
			buildActionMask = 2147483647;
			files = (
			);
			runOnlyForDeploymentPostprocessing = 0;
		};
/* End PBXFrameworksBuildPhase section */

/* Begin PBXGroup section */
		BC338CA61E8E0F140057A88C = {
			isa = PBXGroup;
			children = (
				BC338CB11E8E0F140057A88C /* MGLocationKitDemo */,
				BC338CB01E8E0F140057A88C /* Products */,
			);
			sourceTree = "<group>";
		};
		BC338CB01E8E0F140057A88C /* Products */ = {
			isa = PBXGroup;
			children = (
				BC338CAF1E8E0F140057A88C /* MGLocationKitDemo.app */,
			);
			name = Products;
			sourceTree = "<group>";
		};
		BC338CB11E8E0F140057A88C /* MGLocationKitDemo */ = {
			isa = PBXGroup;
			children = (
				BC338CB21E8E0F140057A88C /* AppDelegate.swift */,
				BC338CB41E8E0F140057A88C /* ViewController.swift */,
				BC338CB61E8E0F140057A88C /* Main.storyboard */,
				BC338CB91E8E0F140057A88C /* Assets.xcassets */,
				BC338CBB1E8E0F140057A88C /* LaunchScreen.storyboard */,
				BC338CBE1E8E0F140057A88C /* Info.plist */,
			);
			path = MGLocationKitDemo;
			sourceTree = "<group>";
		};
/* End PBXGroup section */

/* Begin PBXNativeTarget section */
		BC338CAE1E8E0F140057A88C /* MGLocationKitDemo */ = {
			isa = PBXNativeTarget;
			buildConfigurationList = BC338CC11E8E0F140057A88C /* Build configuration list for PBXNativeTarget "MGLocationKitDemo" */;
			buildPhases = (
				BC338CAB1E8E0F140057A88C /* Sources */,
				BC338CAC1E8E0F140057A88C /* Frameworks */,
				BC338CAD1E8E0F140057A88C /* Resources */,
			);
			buildRules = (
			);
			dependencies = (
			);
			name = MGLocationKitDemo;
			productName = MGLocationKitDemo;
			productReference = BC338CAF1E8E0F140057A88C /* MGLocationKitDemo.app */;
			productType = "com.apple.product-type.application";
		};
/* End PBXNativeTarget section */

/* Begin PBXProject section */
		BC338CA71E8E0F140057A88C /* Project object */ = {
			isa = PBXProject;
			attributes = {
				LastSwiftUpdateCheck = 0830;
				LastUpgradeCheck = 0830;
				ORGANIZATIONNAME = "Tuan Truong";
				TargetAttributes = {
					BC338CAE1E8E0F140057A88C = {
						CreatedOnToolsVersion = 8.3;
						DevelopmentTeam = NN74NJ78BB;
						ProvisioningStyle = Automatic;
					};
				};
			};
			buildConfigurationList = BC338CAA1E8E0F140057A88C /* Build configuration list for PBXProject "MGLocationKitDemo" */;
			compatibilityVersion = "Xcode 3.2";
			developmentRegion = English;
			hasScannedForEncodings = 0;
			knownRegions = (
				en,
				Base,
			);
			mainGroup = BC338CA61E8E0F140057A88C;
			productRefGroup = BC338CB01E8E0F140057A88C /* Products */;
			projectDirPath = "";
			projectRoot = "";
			targets = (
				BC338CAE1E8E0F140057A88C /* MGLocationKitDemo */,
			);
		};
/* End PBXProject section */

/* Begin PBXResourcesBuildPhase section */
		BC338CAD1E8E0F140057A88C /* Resources */ = {
			isa = PBXResourcesBuildPhase;
			buildActionMask = 2147483647;
			files = (
				BC338CBD1E8E0F140057A88C /* LaunchScreen.storyboard in Resources */,
				BC338CBA1E8E0F140057A88C /* Assets.xcassets in Resources */,
				BC338CB81E8E0F140057A88C /* Main.storyboard in Resources */,
			);
			runOnlyForDeploymentPostprocessing = 0;
		};
/* End PBXResourcesBuildPhase section */

/* Begin PBXSourcesBuildPhase section */
		BC338CAB1E8E0F140057A88C /* Sources */ = {
			isa = PBXSourcesBuildPhase;
			buildActionMask = 2147483647;
			files = (
				BC338CB51E8E0F140057A88C /* ViewController.swift in Sources */,
				BC338CB31E8E0F140057A88C /* AppDelegate.swift in Sources */,
			);
			runOnlyForDeploymentPostprocessing = 0;
		};
/* End PBXSourcesBuildPhase section */

/* Begin PBXVariantGroup section */
		BC338CB61E8E0F140057A88C /* Main.storyboard */ = {
			isa = PBXVariantGroup;
			children = (
				BC338CB71E8E0F140057A88C /* Base */,
			);
			name = Main.storyboard;
			sourceTree = "<group>";
		};
		BC338CBB1E8E0F140057A88C /* LaunchScreen.storyboard */ = {
			isa = PBXVariantGroup;
			children = (
				BC338CBC1E8E0F140057A88C /* Base */,
			);
			name = LaunchScreen.storyboard;
			sourceTree = "<group>";
		};
/* End PBXVariantGroup section */

/* Begin XCBuildConfiguration section */
		BC338CBF1E8E0F140057A88C /* Debug */ = {
			isa = XCBuildConfiguration;
			buildSettings = {
				ALWAYS_SEARCH_USER_PATHS = NO;
				CLANG_ANALYZER_NONNULL = YES;
				CLANG_ANALYZER_NUMBER_OBJECT_CONVERSION = YES_AGGRESSIVE;
				CLANG_CXX_LANGUAGE_STANDARD = "gnu++0x";
				CLANG_CXX_LIBRARY = "libc++";
				CLANG_ENABLE_MODULES = YES;
				CLANG_ENABLE_OBJC_ARC = YES;
				CLANG_WARN_BOOL_CONVERSION = YES;
				CLANG_WARN_CONSTANT_CONVERSION = YES;
				CLANG_WARN_DIRECT_OBJC_ISA_USAGE = YES_ERROR;
				CLANG_WARN_DOCUMENTATION_COMMENTS = YES;
				CLANG_WARN_EMPTY_BODY = YES;
				CLANG_WARN_ENUM_CONVERSION = YES;
				CLANG_WARN_INFINITE_RECURSION = YES;
				CLANG_WARN_INT_CONVERSION = YES;
				CLANG_WARN_OBJC_ROOT_CLASS = YES_ERROR;
				CLANG_WARN_SUSPICIOUS_MOVE = YES;
				CLANG_WARN_UNREACHABLE_CODE = YES;
				CLANG_WARN__DUPLICATE_METHOD_MATCH = YES;
				"CODE_SIGN_IDENTITY[sdk=iphoneos*]" = "iPhone Developer";
				COPY_PHASE_STRIP = NO;
				DEBUG_INFORMATION_FORMAT = dwarf;
				ENABLE_STRICT_OBJC_MSGSEND = YES;
				ENABLE_TESTABILITY = YES;
				GCC_C_LANGUAGE_STANDARD = gnu99;
				GCC_DYNAMIC_NO_PIC = NO;
				GCC_NO_COMMON_BLOCKS = YES;
				GCC_OPTIMIZATION_LEVEL = 0;
				GCC_PREPROCESSOR_DEFINITIONS = (
					"DEBUG=1",
					"$(inherited)",
				);
				GCC_WARN_64_TO_32_BIT_CONVERSION = YES;
				GCC_WARN_ABOUT_RETURN_TYPE = YES_ERROR;
				GCC_WARN_UNDECLARED_SELECTOR = YES;
				GCC_WARN_UNINITIALIZED_AUTOS = YES_AGGRESSIVE;
				GCC_WARN_UNUSED_FUNCTION = YES;
				GCC_WARN_UNUSED_VARIABLE = YES;
				IPHONEOS_DEPLOYMENT_TARGET = 10.3;
				MTL_ENABLE_DEBUG_INFO = YES;
				ONLY_ACTIVE_ARCH = YES;
				SDKROOT = iphoneos;
				SWIFT_ACTIVE_COMPILATION_CONDITIONS = DEBUG;
				SWIFT_OPTIMIZATION_LEVEL = "-Onone";
			};
			name = Debug;
		};
		BC338CC01E8E0F140057A88C /* Release */ = {
			isa = XCBuildConfiguration;
			buildSettings = {
				ALWAYS_SEARCH_USER_PATHS = NO;
				CLANG_ANALYZER_NONNULL = YES;
				CLANG_ANALYZER_NUMBER_OBJECT_CONVERSION = YES_AGGRESSIVE;
				CLANG_CXX_LANGUAGE_STANDARD = "gnu++0x";
				CLANG_CXX_LIBRARY = "libc++";
				CLANG_ENABLE_MODULES = YES;
				CLANG_ENABLE_OBJC_ARC = YES;
				CLANG_WARN_BOOL_CONVERSION = YES;
				CLANG_WARN_CONSTANT_CONVERSION = YES;
				CLANG_WARN_DIRECT_OBJC_ISA_USAGE = YES_ERROR;
				CLANG_WARN_DOCUMENTATION_COMMENTS = YES;
				CLANG_WARN_EMPTY_BODY = YES;
				CLANG_WARN_ENUM_CONVERSION = YES;
				CLANG_WARN_INFINITE_RECURSION = YES;
				CLANG_WARN_INT_CONVERSION = YES;
				CLANG_WARN_OBJC_ROOT_CLASS = YES_ERROR;
				CLANG_WARN_SUSPICIOUS_MOVE = YES;
				CLANG_WARN_UNREACHABLE_CODE = YES;
				CLANG_WARN__DUPLICATE_METHOD_MATCH = YES;
				"CODE_SIGN_IDENTITY[sdk=iphoneos*]" = "iPhone Developer";
				COPY_PHASE_STRIP = NO;
				DEBUG_INFORMATION_FORMAT = "dwarf-with-dsym";
				ENABLE_NS_ASSERTIONS = NO;
				ENABLE_STRICT_OBJC_MSGSEND = YES;
				GCC_C_LANGUAGE_STANDARD = gnu99;
				GCC_NO_COMMON_BLOCKS = YES;
				GCC_WARN_64_TO_32_BIT_CONVERSION = YES;
				GCC_WARN_ABOUT_RETURN_TYPE = YES_ERROR;
				GCC_WARN_UNDECLARED_SELECTOR = YES;
				GCC_WARN_UNINITIALIZED_AUTOS = YES_AGGRESSIVE;
				GCC_WARN_UNUSED_FUNCTION = YES;
				GCC_WARN_UNUSED_VARIABLE = YES;
				IPHONEOS_DEPLOYMENT_TARGET = 10.3;
				MTL_ENABLE_DEBUG_INFO = NO;
				SDKROOT = iphoneos;
				SWIFT_OPTIMIZATION_LEVEL = "-Owholemodule";
				VALIDATE_PRODUCT = YES;
			};
			name = Release;
		};
		BC338CC21E8E0F140057A88C /* Debug */ = {
			isa = XCBuildConfiguration;
			buildSettings = {
				ASSETCATALOG_COMPILER_APPICON_NAME = AppIcon;
				DEVELOPMENT_TEAM = NN74NJ78BB;
				INFOPLIST_FILE = MGLocationKitDemo/Info.plist;
				LD_RUNPATH_SEARCH_PATHS = "$(inherited) @executable_path/Frameworks";
				PRODUCT_BUNDLE_IDENTIFIER = truong.tuan.MGLocationKitDemo;
				PRODUCT_NAME = "$(TARGET_NAME)";
				SWIFT_VERSION = 3.0;
			};
			name = Debug;
		};
		BC338CC31E8E0F140057A88C /* Release */ = {
			isa = XCBuildConfiguration;
			buildSettings = {
				ASSETCATALOG_COMPILER_APPICON_NAME = AppIcon;
				DEVELOPMENT_TEAM = NN74NJ78BB;
				INFOPLIST_FILE = MGLocationKitDemo/Info.plist;
				LD_RUNPATH_SEARCH_PATHS = "$(inherited) @executable_path/Frameworks";
				PRODUCT_BUNDLE_IDENTIFIER = truong.tuan.MGLocationKitDemo;
				PRODUCT_NAME = "$(TARGET_NAME)";
				SWIFT_VERSION = 3.0;
			};
			name = Release;
		};
/* End XCBuildConfiguration section */

/* Begin XCConfigurationList section */
		BC338CAA1E8E0F140057A88C /* Build configuration list for PBXProject "MGLocationKitDemo" */ = {
			isa = XCConfigurationList;
			buildConfigurations = (
				BC338CBF1E8E0F140057A88C /* Debug */,
				BC338CC01E8E0F140057A88C /* Release */,
			);
			defaultConfigurationIsVisible = 0;
			defaultConfigurationName = Release;
		};
		BC338CC11E8E0F140057A88C /* Build configuration list for PBXNativeTarget "MGLocationKitDemo" */ = {
			isa = XCConfigurationList;
			buildConfigurations = (
				BC338CC21E8E0F140057A88C /* Debug */,
				BC338CC31E8E0F140057A88C /* Release */,
			);
			defaultConfigurationIsVisible = 0;
		};
/* End XCConfigurationList section */
	};
	rootObject = BC338CA71E8E0F140057A88C /* Project object */;
}
