// !$*UTF8*$!
{
	archiveVersion = 1;
	classes = {
	};
	objectVersion = 46;
	objects = {

/* Begin PBXBuildFile section */
		BC26D8511E91F92D00BD48BE /* LogViewController.swift in Sources */ = {isa = PBXBuildFile; fileRef = BC26D8501E91F92D00BD48BE /* LogViewController.swift */; };
		BC26D8531E9201BA00BD48BE /* Event.swift in Sources */ = {isa = PBXBuildFile; fileRef = BC26D8521E9201BA00BD48BE /* Event.swift */; };
		BC26D8551E92027E00BD48BE /* EventRepository.swift in Sources */ = {isa = PBXBuildFile; fileRef = BC26D8541E92027E00BD48BE /* EventRepository.swift */; };
		BC26D8571E9203BC00BD48BE /* EventService.swift in Sources */ = {isa = PBXBuildFile; fileRef = BC26D8561E9203BC00BD48BE /* EventService.swift */; };
		BC26D8591E92064700BD48BE /* EventViewController.swift in Sources */ = {isa = PBXBuildFile; fileRef = BC26D8581E92064700BD48BE /* EventViewController.swift */; };
		BC26D85B1E92075D00BD48BE /* EventCell.swift in Sources */ = {isa = PBXBuildFile; fileRef = BC26D85A1E92075D00BD48BE /* EventCell.swift */; };
		BC26D85E1E9222DE00BD48BE /* Popup.swift in Sources */ = {isa = PBXBuildFile; fileRef = BC26D85D1E9222DE00BD48BE /* Popup.swift */; };
		BC26D8601E92237000BD48BE /* DatePickerView.swift in Sources */ = {isa = PBXBuildFile; fileRef = BC26D85F1E92237000BD48BE /* DatePickerView.swift */; };
		BC26D8641E92239600BD48BE /* DatePickerView.xib in Resources */ = {isa = PBXBuildFile; fileRef = BC26D8631E92239600BD48BE /* DatePickerView.xib */; };
		BC338CB31E8E0F140057A88C /* AppDelegate.swift in Sources */ = {isa = PBXBuildFile; fileRef = BC338CB21E8E0F140057A88C /* AppDelegate.swift */; };
		BC338CB81E8E0F140057A88C /* Main.storyboard in Resources */ = {isa = PBXBuildFile; fileRef = BC338CB61E8E0F140057A88C /* Main.storyboard */; };
		BC338CBA1E8E0F140057A88C /* Assets.xcassets in Resources */ = {isa = PBXBuildFile; fileRef = BC338CB91E8E0F140057A88C /* Assets.xcassets */; };
		BC338CBD1E8E0F140057A88C /* LaunchScreen.storyboard in Resources */ = {isa = PBXBuildFile; fileRef = BC338CBB1E8E0F140057A88C /* LaunchScreen.storyboard */; };
		BC338CCD1E8E10200057A88C /* Model.xcdatamodeld in Sources */ = {isa = PBXBuildFile; fileRef = BC338CCB1E8E10200057A88C /* Model.xcdatamodeld */; };
		BC338CCF1E8E10760057A88C /* EntityMapper.swift in Sources */ = {isa = PBXBuildFile; fileRef = BC338CCE1E8E10760057A88C /* EntityMapper.swift */; };
		BC338CD11E8E107F0057A88C /* Location.swift in Sources */ = {isa = PBXBuildFile; fileRef = BC338CD01E8E107F0057A88C /* Location.swift */; };
		BC338CD31E8E10D40057A88C /* LocationRepository.swift in Sources */ = {isa = PBXBuildFile; fileRef = BC338CD21E8E10D40057A88C /* LocationRepository.swift */; };
		BC338CD51E8E39170057A88C /* MainTabBarViewController.swift in Sources */ = {isa = PBXBuildFile; fileRef = BC338CD41E8E39170057A88C /* MainTabBarViewController.swift */; };
		BC338CD91E8E3A5D0057A88C /* MapKit.framework in Frameworks */ = {isa = PBXBuildFile; fileRef = BC338CD81E8E3A5D0057A88C /* MapKit.framework */; };
		BC338CDB1E8E3BBE0057A88C /* LocationService.swift in Sources */ = {isa = PBXBuildFile; fileRef = BC338CDA1E8E3BBE0057A88C /* LocationService.swift */; };
		BC338CDF1E8E475E0057A88C /* MapViewController.swift in Sources */ = {isa = PBXBuildFile; fileRef = BC338CDD1E8E475E0057A88C /* MapViewController.swift */; };
		BC338CE11E8E47790057A88C /* LocationViewController.swift in Sources */ = {isa = PBXBuildFile; fileRef = BC338CE01E8E47790057A88C /* LocationViewController.swift */; };
		BC338CE31E8E5CCA0057A88C /* LocationCell.swift in Sources */ = {isa = PBXBuildFile; fileRef = BC338CE21E8E5CCA0057A88C /* LocationCell.swift */; };
		BC338CE51E8E5EC90057A88C /* DateExtensions.swift in Sources */ = {isa = PBXBuildFile; fileRef = BC338CE41E8E5EC90057A88C /* DateExtensions.swift */; };
		BC338CF01E8E67890057A88C /* BackgroundLocationCache.swift in Sources */ = {isa = PBXBuildFile; fileRef = BC338CE81E8E67890057A88C /* BackgroundLocationCache.swift */; };
		BC338CF11E8E67890057A88C /* BackgroundLocationManager.swift in Sources */ = {isa = PBXBuildFile; fileRef = BC338CE91E8E67890057A88C /* BackgroundLocationManager.swift */; };
		BC338CF21E8E67890057A88C /* BackgroundTrackable.swift in Sources */ = {isa = PBXBuildFile; fileRef = BC338CEA1E8E67890057A88C /* BackgroundTrackable.swift */; };
		BC338CF31E8E67890057A88C /* CLLocationCoordinate2D+Distance.swift in Sources */ = {isa = PBXBuildFile; fileRef = BC338CEB1E8E67890057A88C /* CLLocationCoordinate2D+Distance.swift */; };
		BC338CF41E8E67890057A88C /* Constants.swift in Sources */ = {isa = PBXBuildFile; fileRef = BC338CEC1E8E67890057A88C /* Constants.swift */; };
		BC338CF51E8E67890057A88C /* Result.swift in Sources */ = {isa = PBXBuildFile; fileRef = BC338CED1E8E67890057A88C /* Result.swift */; };
		BC338CF61E8E67890057A88C /* TrackingLocationManager.swift in Sources */ = {isa = PBXBuildFile; fileRef = BC338CEE1E8E67890057A88C /* TrackingLocationManager.swift */; };
		BCAAD1A01E97410800235DCB /* KMeans.swift in Sources */ = {isa = PBXBuildFile; fileRef = BCAAD19F1E97410800235DCB /* KMeans.swift */; };
		BCAAD1A41E97417000235DCB /* Vector.swift in Sources */ = {isa = PBXBuildFile; fileRef = BCAAD1A31E97417000235DCB /* Vector.swift */; };
		BCAAD1A81E97934300235DCB /* Constant.swift in Sources */ = {isa = PBXBuildFile; fileRef = BCAAD1A71E97934300235DCB /* Constant.swift */; };
		BCC975771E9B29B5005A14B3 /* SettingsViewController.swift in Sources */ = {isa = PBXBuildFile; fileRef = BCC975761E9B29B5005A14B3 /* SettingsViewController.swift */; };
		BCC975791E9B30E7005A14B3 /* AppSettings.swift in Sources */ = {isa = PBXBuildFile; fileRef = BCC975781E9B30E7005A14B3 /* AppSettings.swift */; };
		BCE47D7F1EA46B0C009DE796 /* LocationTracker.swift in Sources */ = {isa = PBXBuildFile; fileRef = BCE47D7E1EA46B0C009DE796 /* LocationTracker.swift */; };
		BCE47D811EA46B70009DE796 /* LocationShareModel.swift in Sources */ = {isa = PBXBuildFile; fileRef = BCE47D801EA46B70009DE796 /* LocationShareModel.swift */; };
		BCE47D831EA46D22009DE796 /* BackgroundTaskManager.swift in Sources */ = {isa = PBXBuildFile; fileRef = BCE47D821EA46D22009DE796 /* BackgroundTaskManager.swift */; };
		BCE47D8B1EA46E82009DE796 /* BackgroundTaskManager.m in Sources */ = {isa = PBXBuildFile; fileRef = BCE47D861EA46E82009DE796 /* BackgroundTaskManager.m */; };
		BCE47D8C1EA46E82009DE796 /* LocationShareModel.m in Sources */ = {isa = PBXBuildFile; fileRef = BCE47D881EA46E82009DE796 /* LocationShareModel.m */; };
		BCE47D8D1EA46E82009DE796 /* LocationTracker.m in Sources */ = {isa = PBXBuildFile; fileRef = BCE47D8A1EA46E82009DE796 /* LocationTracker.m */; };
		F1AB3FB91870DD468A985039 /* Pods_MGLocationKitDemo.framework in Frameworks */ = {isa = PBXBuildFile; fileRef = BEC10C7E12A1277973139BC3 /* Pods_MGLocationKitDemo.framework */; };
/* End PBXBuildFile section */

/* Begin PBXFileReference section */
		09CC86C2D1CA29BEE2A37CE9 /* Pods-MGLocationKitDemo.release.xcconfig */ = {isa = PBXFileReference; includeInIndex = 1; lastKnownFileType = text.xcconfig; name = "Pods-MGLocationKitDemo.release.xcconfig"; path = "Pods/Target Support Files/Pods-MGLocationKitDemo/Pods-MGLocationKitDemo.release.xcconfig"; sourceTree = "<group>"; };
		BC26D8501E91F92D00BD48BE /* LogViewController.swift */ = {isa = PBXFileReference; fileEncoding = 4; lastKnownFileType = sourcecode.swift; path = LogViewController.swift; sourceTree = "<group>"; };
		BC26D8521E9201BA00BD48BE /* Event.swift */ = {isa = PBXFileReference; fileEncoding = 4; lastKnownFileType = sourcecode.swift; path = Event.swift; sourceTree = "<group>"; };
		BC26D8541E92027E00BD48BE /* EventRepository.swift */ = {isa = PBXFileReference; fileEncoding = 4; lastKnownFileType = sourcecode.swift; path = EventRepository.swift; sourceTree = "<group>"; };
		BC26D8561E9203BC00BD48BE /* EventService.swift */ = {isa = PBXFileReference; fileEncoding = 4; lastKnownFileType = sourcecode.swift; path = EventService.swift; sourceTree = "<group>"; };
		BC26D8581E92064700BD48BE /* EventViewController.swift */ = {isa = PBXFileReference; fileEncoding = 4; lastKnownFileType = sourcecode.swift; path = EventViewController.swift; sourceTree = "<group>"; };
		BC26D85A1E92075D00BD48BE /* EventCell.swift */ = {isa = PBXFileReference; fileEncoding = 4; lastKnownFileType = sourcecode.swift; path = EventCell.swift; sourceTree = "<group>"; };
		BC26D85D1E9222DE00BD48BE /* Popup.swift */ = {isa = PBXFileReference; fileEncoding = 4; lastKnownFileType = sourcecode.swift; path = Popup.swift; sourceTree = "<group>"; };
		BC26D85F1E92237000BD48BE /* DatePickerView.swift */ = {isa = PBXFileReference; fileEncoding = 4; lastKnownFileType = sourcecode.swift; path = DatePickerView.swift; sourceTree = "<group>"; };
		BC26D8631E92239600BD48BE /* DatePickerView.xib */ = {isa = PBXFileReference; fileEncoding = 4; lastKnownFileType = file.xib; path = DatePickerView.xib; sourceTree = "<group>"; };
		BC338CAF1E8E0F140057A88C /* MGLocationKitDemo.app */ = {isa = PBXFileReference; explicitFileType = wrapper.application; includeInIndex = 0; path = MGLocationKitDemo.app; sourceTree = BUILT_PRODUCTS_DIR; };
		BC338CB21E8E0F140057A88C /* AppDelegate.swift */ = {isa = PBXFileReference; lastKnownFileType = sourcecode.swift; path = AppDelegate.swift; sourceTree = "<group>"; };
		BC338CB71E8E0F140057A88C /* Base */ = {isa = PBXFileReference; lastKnownFileType = file.storyboard; name = Base; path = Base.lproj/Main.storyboard; sourceTree = "<group>"; };
		BC338CB91E8E0F140057A88C /* Assets.xcassets */ = {isa = PBXFileReference; lastKnownFileType = folder.assetcatalog; path = Assets.xcassets; sourceTree = "<group>"; };
		BC338CBC1E8E0F140057A88C /* Base */ = {isa = PBXFileReference; lastKnownFileType = file.storyboard; name = Base; path = Base.lproj/LaunchScreen.storyboard; sourceTree = "<group>"; };
		BC338CBE1E8E0F140057A88C /* Info.plist */ = {isa = PBXFileReference; lastKnownFileType = text.plist.xml; path = Info.plist; sourceTree = "<group>"; };
		BC338CCC1E8E10200057A88C /* Model.xcdatamodel */ = {isa = PBXFileReference; lastKnownFileType = wrapper.xcdatamodel; path = Model.xcdatamodel; sourceTree = "<group>"; };
		BC338CCE1E8E10760057A88C /* EntityMapper.swift */ = {isa = PBXFileReference; fileEncoding = 4; lastKnownFileType = sourcecode.swift; path = EntityMapper.swift; sourceTree = "<group>"; };
		BC338CD01E8E107F0057A88C /* Location.swift */ = {isa = PBXFileReference; fileEncoding = 4; lastKnownFileType = sourcecode.swift; path = Location.swift; sourceTree = "<group>"; };
		BC338CD21E8E10D40057A88C /* LocationRepository.swift */ = {isa = PBXFileReference; fileEncoding = 4; lastKnownFileType = sourcecode.swift; path = LocationRepository.swift; sourceTree = "<group>"; };
		BC338CD41E8E39170057A88C /* MainTabBarViewController.swift */ = {isa = PBXFileReference; fileEncoding = 4; lastKnownFileType = sourcecode.swift; path = MainTabBarViewController.swift; sourceTree = "<group>"; };
		BC338CD81E8E3A5D0057A88C /* MapKit.framework */ = {isa = PBXFileReference; lastKnownFileType = wrapper.framework; name = MapKit.framework; path = System/Library/Frameworks/MapKit.framework; sourceTree = SDKROOT; };
		BC338CDA1E8E3BBE0057A88C /* LocationService.swift */ = {isa = PBXFileReference; fileEncoding = 4; lastKnownFileType = sourcecode.swift; path = LocationService.swift; sourceTree = "<group>"; };
		BC338CDD1E8E475E0057A88C /* MapViewController.swift */ = {isa = PBXFileReference; fileEncoding = 4; lastKnownFileType = sourcecode.swift; path = MapViewController.swift; sourceTree = "<group>"; };
		BC338CE01E8E47790057A88C /* LocationViewController.swift */ = {isa = PBXFileReference; fileEncoding = 4; lastKnownFileType = sourcecode.swift; path = LocationViewController.swift; sourceTree = "<group>"; };
		BC338CE21E8E5CCA0057A88C /* LocationCell.swift */ = {isa = PBXFileReference; fileEncoding = 4; lastKnownFileType = sourcecode.swift; path = LocationCell.swift; sourceTree = "<group>"; };
		BC338CE41E8E5EC90057A88C /* DateExtensions.swift */ = {isa = PBXFileReference; fileEncoding = 4; lastKnownFileType = sourcecode.swift; path = DateExtensions.swift; sourceTree = "<group>"; };
		BC338CE81E8E67890057A88C /* BackgroundLocationCache.swift */ = {isa = PBXFileReference; fileEncoding = 4; lastKnownFileType = sourcecode.swift; path = BackgroundLocationCache.swift; sourceTree = "<group>"; };
		BC338CE91E8E67890057A88C /* BackgroundLocationManager.swift */ = {isa = PBXFileReference; fileEncoding = 4; lastKnownFileType = sourcecode.swift; path = BackgroundLocationManager.swift; sourceTree = "<group>"; };
		BC338CEA1E8E67890057A88C /* BackgroundTrackable.swift */ = {isa = PBXFileReference; fileEncoding = 4; lastKnownFileType = sourcecode.swift; path = BackgroundTrackable.swift; sourceTree = "<group>"; };
		BC338CEB1E8E67890057A88C /* CLLocationCoordinate2D+Distance.swift */ = {isa = PBXFileReference; fileEncoding = 4; lastKnownFileType = sourcecode.swift; path = "CLLocationCoordinate2D+Distance.swift"; sourceTree = "<group>"; };
		BC338CEC1E8E67890057A88C /* Constants.swift */ = {isa = PBXFileReference; fileEncoding = 4; lastKnownFileType = sourcecode.swift; path = Constants.swift; sourceTree = "<group>"; };
		BC338CED1E8E67890057A88C /* Result.swift */ = {isa = PBXFileReference; fileEncoding = 4; lastKnownFileType = sourcecode.swift; path = Result.swift; sourceTree = "<group>"; };
		BC338CEE1E8E67890057A88C /* TrackingLocationManager.swift */ = {isa = PBXFileReference; fileEncoding = 4; lastKnownFileType = sourcecode.swift; path = TrackingLocationManager.swift; sourceTree = "<group>"; };
		BCAAD19F1E97410800235DCB /* KMeans.swift */ = {isa = PBXFileReference; fileEncoding = 4; lastKnownFileType = sourcecode.swift; path = KMeans.swift; sourceTree = "<group>"; };
		BCAAD1A31E97417000235DCB /* Vector.swift */ = {isa = PBXFileReference; fileEncoding = 4; lastKnownFileType = sourcecode.swift; path = Vector.swift; sourceTree = "<group>"; };
		BCAAD1A71E97934300235DCB /* Constant.swift */ = {isa = PBXFileReference; fileEncoding = 4; lastKnownFileType = sourcecode.swift; path = Constant.swift; sourceTree = "<group>"; };
		BCC975761E9B29B5005A14B3 /* SettingsViewController.swift */ = {isa = PBXFileReference; fileEncoding = 4; lastKnownFileType = sourcecode.swift; path = SettingsViewController.swift; sourceTree = "<group>"; };
		BCC975781E9B30E7005A14B3 /* AppSettings.swift */ = {isa = PBXFileReference; fileEncoding = 4; lastKnownFileType = sourcecode.swift; path = AppSettings.swift; sourceTree = "<group>"; };
		BCE47D7E1EA46B0C009DE796 /* LocationTracker.swift */ = {isa = PBXFileReference; fileEncoding = 4; lastKnownFileType = sourcecode.swift; path = LocationTracker.swift; sourceTree = "<group>"; };
		BCE47D801EA46B70009DE796 /* LocationShareModel.swift */ = {isa = PBXFileReference; fileEncoding = 4; lastKnownFileType = sourcecode.swift; path = LocationShareModel.swift; sourceTree = "<group>"; };
		BCE47D821EA46D22009DE796 /* BackgroundTaskManager.swift */ = {isa = PBXFileReference; fileEncoding = 4; lastKnownFileType = sourcecode.swift; path = BackgroundTaskManager.swift; sourceTree = "<group>"; };
		BCE47D851EA46E82009DE796 /* BackgroundTaskManager.h */ = {isa = PBXFileReference; fileEncoding = 4; lastKnownFileType = sourcecode.c.h; path = BackgroundTaskManager.h; sourceTree = "<group>"; };
		BCE47D861EA46E82009DE796 /* BackgroundTaskManager.m */ = {isa = PBXFileReference; fileEncoding = 4; lastKnownFileType = sourcecode.c.objc; path = BackgroundTaskManager.m; sourceTree = "<group>"; };
		BCE47D871EA46E82009DE796 /* LocationShareModel.h */ = {isa = PBXFileReference; fileEncoding = 4; lastKnownFileType = sourcecode.c.h; path = LocationShareModel.h; sourceTree = "<group>"; };
		BCE47D881EA46E82009DE796 /* LocationShareModel.m */ = {isa = PBXFileReference; fileEncoding = 4; lastKnownFileType = sourcecode.c.objc; path = LocationShareModel.m; sourceTree = "<group>"; };
		BCE47D891EA46E82009DE796 /* LocationTracker.h */ = {isa = PBXFileReference; fileEncoding = 4; lastKnownFileType = sourcecode.c.h; path = LocationTracker.h; sourceTree = "<group>"; };
		BCE47D8A1EA46E82009DE796 /* LocationTracker.m */ = {isa = PBXFileReference; fileEncoding = 4; lastKnownFileType = sourcecode.c.objc; path = LocationTracker.m; sourceTree = "<group>"; };
		BCE47D911EA46FF9009DE796 /* Bridging-Header.h */ = {isa = PBXFileReference; fileEncoding = 4; lastKnownFileType = sourcecode.c.h; path = "Bridging-Header.h"; sourceTree = "<group>"; };
		BEC10C7E12A1277973139BC3 /* Pods_MGLocationKitDemo.framework */ = {isa = PBXFileReference; explicitFileType = wrapper.framework; includeInIndex = 0; path = Pods_MGLocationKitDemo.framework; sourceTree = BUILT_PRODUCTS_DIR; };
		F1379EA49C3DDCD2A1F28C44 /* Pods-MGLocationKitDemo.debug.xcconfig */ = {isa = PBXFileReference; includeInIndex = 1; lastKnownFileType = text.xcconfig; name = "Pods-MGLocationKitDemo.debug.xcconfig"; path = "Pods/Target Support Files/Pods-MGLocationKitDemo/Pods-MGLocationKitDemo.debug.xcconfig"; sourceTree = "<group>"; };
/* End PBXFileReference section */

/* Begin PBXFrameworksBuildPhase section */
		BC338CAC1E8E0F140057A88C /* Frameworks */ = {
			isa = PBXFrameworksBuildPhase;
			buildActionMask = 2147483647;
			files = (
				BC338CD91E8E3A5D0057A88C /* MapKit.framework in Frameworks */,
				F1AB3FB91870DD468A985039 /* Pods_MGLocationKitDemo.framework in Frameworks */,
			);
			runOnlyForDeploymentPostprocessing = 0;
		};
/* End PBXFrameworksBuildPhase section */

/* Begin PBXGroup section */
		7DC25D4961CDCB9137F8F0A2 /* Frameworks */ = {
			isa = PBXGroup;
			children = (
				BC338CD81E8E3A5D0057A88C /* MapKit.framework */,
				BEC10C7E12A1277973139BC3 /* Pods_MGLocationKitDemo.framework */,
			);
			name = Frameworks;
			sourceTree = "<group>";
		};
		BC26D84F1E91F8FD00BD48BE /* Log */ = {
			isa = PBXGroup;
			children = (
				BC26D8501E91F92D00BD48BE /* LogViewController.swift */,
				BC26D8581E92064700BD48BE /* EventViewController.swift */,
				BC26D85A1E92075D00BD48BE /* EventCell.swift */,
			);
			path = Log;
			sourceTree = "<group>";
		};
		BC26D85C1E9222C900BD48BE /* Common */ = {
			isa = PBXGroup;
			children = (
				BC26D85D1E9222DE00BD48BE /* Popup.swift */,
				BC26D85F1E92237000BD48BE /* DatePickerView.swift */,
				BC26D8631E92239600BD48BE /* DatePickerView.xib */,
			);
			path = Common;
			sourceTree = "<group>";
		};
		BC338CA61E8E0F140057A88C = {
			isa = PBXGroup;
			children = (
				BC338CB11E8E0F140057A88C /* MGLocationKitDemo */,
				BC338CB01E8E0F140057A88C /* Products */,
				BE45C853E44357C39BBC4765 /* Pods */,
				7DC25D4961CDCB9137F8F0A2 /* Frameworks */,
			);
			sourceTree = "<group>";
		};
		BC338CB01E8E0F140057A88C /* Products */ = {
			isa = PBXGroup;
			children = (
				BC338CAF1E8E0F140057A88C /* MGLocationKitDemo.app */,
			);
			name = Products;
			sourceTree = "<group>";
		};
		BC338CB11E8E0F140057A88C /* MGLocationKitDemo */ = {
			isa = PBXGroup;
			children = (
				BC338CC51E8E10140057A88C /* Models */,
				BC338CC61E8E10140057A88C /* Services */,
				BC338CC71E8E10140057A88C /* Repositories */,
				BC338CC81E8E10140057A88C /* UI */,
				BC338CC91E8E10140057A88C /* Extensions */,
				BC338CCA1E8E10140057A88C /* Libraries */,
				BC338CB21E8E0F140057A88C /* AppDelegate.swift */,
				BCE47D911EA46FF9009DE796 /* Bridging-Header.h */,
				BCC975781E9B30E7005A14B3 /* AppSettings.swift */,
				BC338CB91E8E0F140057A88C /* Assets.xcassets */,
				BC338CBB1E8E0F140057A88C /* LaunchScreen.storyboard */,
				BC338CBE1E8E0F140057A88C /* Info.plist */,
				BCAAD1A71E97934300235DCB /* Constant.swift */,
			);
			path = MGLocationKitDemo;
			sourceTree = "<group>";
		};
		BC338CC51E8E10140057A88C /* Models */ = {
			isa = PBXGroup;
			children = (
				BC338CCB1E8E10200057A88C /* Model.xcdatamodeld */,
				BC338CCE1E8E10760057A88C /* EntityMapper.swift */,
				BC338CD01E8E107F0057A88C /* Location.swift */,
				BC26D8521E9201BA00BD48BE /* Event.swift */,
			);
			path = Models;
			sourceTree = "<group>";
		};
		BC338CC61E8E10140057A88C /* Services */ = {
			isa = PBXGroup;
			children = (
				BC338CDA1E8E3BBE0057A88C /* LocationService.swift */,
				BC26D8561E9203BC00BD48BE /* EventService.swift */,
				BCAAD1A31E97417000235DCB /* Vector.swift */,
				BCAAD19F1E97410800235DCB /* KMeans.swift */,
				BCE47D7E1EA46B0C009DE796 /* LocationTracker.swift */,
				BCE47D801EA46B70009DE796 /* LocationShareModel.swift */,
				BCE47D821EA46D22009DE796 /* BackgroundTaskManager.swift */,
			);
			path = Services;
			sourceTree = "<group>";
		};
		BC338CC71E8E10140057A88C /* Repositories */ = {
			isa = PBXGroup;
			children = (
				BC338CD21E8E10D40057A88C /* LocationRepository.swift */,
				BC26D8541E92027E00BD48BE /* EventRepository.swift */,
			);
			path = Repositories;
			sourceTree = "<group>";
		};
		BC338CC81E8E10140057A88C /* UI */ = {
			isa = PBXGroup;
			children = (
				BCC975751E9B29A6005A14B3 /* Settings */,
				BC26D85C1E9222C900BD48BE /* Common */,
				BC338CDC1E8E475E0057A88C /* Map */,
				BC338CDE1E8E475E0057A88C /* Location */,
				BC26D84F1E91F8FD00BD48BE /* Log */,
				BC338CB61E8E0F140057A88C /* Main.storyboard */,
				BC338CD41E8E39170057A88C /* MainTabBarViewController.swift */,
			);
			path = UI;
			sourceTree = "<group>";
		};
		BC338CC91E8E10140057A88C /* Extensions */ = {
			isa = PBXGroup;
			children = (
				BC338CE41E8E5EC90057A88C /* DateExtensions.swift */,
			);
			path = Extensions;
			sourceTree = "<group>";
		};
		BC338CCA1E8E10140057A88C /* Libraries */ = {
			isa = PBXGroup;
			children = (
				BCE47D841EA46E82009DE796 /* LocationTracker */,
				BC338CE61E8E67890057A88C /* BackgrounLocation */,
			);
			path = Libraries;
			sourceTree = "<group>";
		};
		BC338CDC1E8E475E0057A88C /* Map */ = {
			isa = PBXGroup;
			children = (
				BC338CDD1E8E475E0057A88C /* MapViewController.swift */,
			);
			path = Map;
			sourceTree = "<group>";
		};
		BC338CDE1E8E475E0057A88C /* Location */ = {
			isa = PBXGroup;
			children = (
				BC338CE01E8E47790057A88C /* LocationViewController.swift */,
				BC338CE21E8E5CCA0057A88C /* LocationCell.swift */,
			);
			path = Location;
			sourceTree = "<group>";
		};
		BC338CE61E8E67890057A88C /* BackgrounLocation */ = {
			isa = PBXGroup;
			children = (
				BC338CE81E8E67890057A88C /* BackgroundLocationCache.swift */,
				BC338CE91E8E67890057A88C /* BackgroundLocationManager.swift */,
				BC338CEA1E8E67890057A88C /* BackgroundTrackable.swift */,
				BC338CEB1E8E67890057A88C /* CLLocationCoordinate2D+Distance.swift */,
				BC338CEC1E8E67890057A88C /* Constants.swift */,
				BC338CED1E8E67890057A88C /* Result.swift */,
				BC338CEE1E8E67890057A88C /* TrackingLocationManager.swift */,
			);
			path = BackgrounLocation;
			sourceTree = "<group>";
		};
		BCC975751E9B29A6005A14B3 /* Settings */ = {
			isa = PBXGroup;
			children = (
				BCC975761E9B29B5005A14B3 /* SettingsViewController.swift */,
			);
			path = Settings;
			sourceTree = "<group>";
		};
		BCE47D841EA46E82009DE796 /* LocationTracker */ = {
			isa = PBXGroup;
			children = (
				BCE47D851EA46E82009DE796 /* BackgroundTaskManager.h */,
				BCE47D861EA46E82009DE796 /* BackgroundTaskManager.m */,
				BCE47D871EA46E82009DE796 /* LocationShareModel.h */,
				BCE47D881EA46E82009DE796 /* LocationShareModel.m */,
				BCE47D891EA46E82009DE796 /* LocationTracker.h */,
				BCE47D8A1EA46E82009DE796 /* LocationTracker.m */,
			);
			path = LocationTracker;
			sourceTree = "<group>";
		};
		BE45C853E44357C39BBC4765 /* Pods */ = {
			isa = PBXGroup;
			children = (
				F1379EA49C3DDCD2A1F28C44 /* Pods-MGLocationKitDemo.debug.xcconfig */,
				09CC86C2D1CA29BEE2A37CE9 /* Pods-MGLocationKitDemo.release.xcconfig */,
			);
			name = Pods;
			sourceTree = "<group>";
		};
/* End PBXGroup section */

/* Begin PBXNativeTarget section */
		BC338CAE1E8E0F140057A88C /* MGLocationKitDemo */ = {
			isa = PBXNativeTarget;
			buildConfigurationList = BC338CC11E8E0F140057A88C /* Build configuration list for PBXNativeTarget "MGLocationKitDemo" */;
			buildPhases = (
				C930383DAE65840F4BC3FD89 /* [CP] Check Pods Manifest.lock */,
				BC338CAB1E8E0F140057A88C /* Sources */,
				BC338CAC1E8E0F140057A88C /* Frameworks */,
				BC338CAD1E8E0F140057A88C /* Resources */,
				BD8866C2BA903A64BEDB5A6A /* [CP] Embed Pods Frameworks */,
				EC8D173483A5C2CEF87134EF /* [CP] Copy Pods Resources */,
			);
			buildRules = (
			);
			dependencies = (
			);
			name = MGLocationKitDemo;
			productName = MGLocationKitDemo;
			productReference = BC338CAF1E8E0F140057A88C /* MGLocationKitDemo.app */;
			productType = "com.apple.product-type.application";
		};
/* End PBXNativeTarget section */

/* Begin PBXProject section */
		BC338CA71E8E0F140057A88C /* Project object */ = {
			isa = PBXProject;
			attributes = {
				LastSwiftUpdateCheck = 0830;
				LastUpgradeCheck = 0830;
				ORGANIZATIONNAME = "Tuan Truong";
				TargetAttributes = {
					BC338CAE1E8E0F140057A88C = {
						CreatedOnToolsVersion = 8.3;
						DevelopmentTeam = NN74NJ78BB;
						ProvisioningStyle = Automatic;
						SystemCapabilities = {
							com.apple.BackgroundModes = {
								enabled = 1;
							};
							com.apple.Maps.iOS = {
								enabled = 1;
							};
						};
					};
				};
			};
			buildConfigurationList = BC338CAA1E8E0F140057A88C /* Build configuration list for PBXProject "MGLocationKitDemo" */;
			compatibilityVersion = "Xcode 3.2";
			developmentRegion = English;
			hasScannedForEncodings = 0;
			knownRegions = (
				en,
				Base,
			);
			mainGroup = BC338CA61E8E0F140057A88C;
			productRefGroup = BC338CB01E8E0F140057A88C /* Products */;
			projectDirPath = "";
			projectRoot = "";
			targets = (
				BC338CAE1E8E0F140057A88C /* MGLocationKitDemo */,
			);
		};
/* End PBXProject section */

/* Begin PBXResourcesBuildPhase section */
		BC338CAD1E8E0F140057A88C /* Resources */ = {
			isa = PBXResourcesBuildPhase;
			buildActionMask = 2147483647;
			files = (
				BC338CBD1E8E0F140057A88C /* LaunchScreen.storyboard in Resources */,
				BC338CBA1E8E0F140057A88C /* Assets.xcassets in Resources */,
				BC26D8641E92239600BD48BE /* DatePickerView.xib in Resources */,
				BC338CB81E8E0F140057A88C /* Main.storyboard in Resources */,
			);
			runOnlyForDeploymentPostprocessing = 0;
		};
/* End PBXResourcesBuildPhase section */

/* Begin PBXShellScriptBuildPhase section */
		BD8866C2BA903A64BEDB5A6A /* [CP] Embed Pods Frameworks */ = {
			isa = PBXShellScriptBuildPhase;
			buildActionMask = 2147483647;
			files = (
			);
			inputPaths = (
			);
			name = "[CP] Embed Pods Frameworks";
			outputPaths = (
			);
			runOnlyForDeploymentPostprocessing = 0;
			shellPath = /bin/sh;
			shellScript = "\"${SRCROOT}/Pods/Target Support Files/Pods-MGLocationKitDemo/Pods-MGLocationKitDemo-frameworks.sh\"\n";
			showEnvVarsInLog = 0;
		};
		C930383DAE65840F4BC3FD89 /* [CP] Check Pods Manifest.lock */ = {
			isa = PBXShellScriptBuildPhase;
			buildActionMask = 2147483647;
			files = (
			);
			inputPaths = (
			);
			name = "[CP] Check Pods Manifest.lock";
			outputPaths = (
			);
			runOnlyForDeploymentPostprocessing = 0;
			shellPath = /bin/sh;
			shellScript = "diff \"${PODS_ROOT}/../Podfile.lock\" \"${PODS_ROOT}/Manifest.lock\" > /dev/null\nif [ $? != 0 ] ; then\n    # print error to STDERR\n    echo \"error: The sandbox is not in sync with the Podfile.lock. Run 'pod install' or update your CocoaPods installation.\" >&2\n    exit 1\nfi\n";
			showEnvVarsInLog = 0;
		};
		EC8D173483A5C2CEF87134EF /* [CP] Copy Pods Resources */ = {
			isa = PBXShellScriptBuildPhase;
			buildActionMask = 2147483647;
			files = (
			);
			inputPaths = (
			);
			name = "[CP] Copy Pods Resources";
			outputPaths = (
			);
			runOnlyForDeploymentPostprocessing = 0;
			shellPath = /bin/sh;
			shellScript = "\"${SRCROOT}/Pods/Target Support Files/Pods-MGLocationKitDemo/Pods-MGLocationKitDemo-resources.sh\"\n";
			showEnvVarsInLog = 0;
		};
/* End PBXShellScriptBuildPhase section */

/* Begin PBXSourcesBuildPhase section */
		BC338CAB1E8E0F140057A88C /* Sources */ = {
			isa = PBXSourcesBuildPhase;
			buildActionMask = 2147483647;
			files = (
				BC338CD31E8E10D40057A88C /* LocationRepository.swift in Sources */,
				BC338CB31E8E0F140057A88C /* AppDelegate.swift in Sources */,
				BC338CD51E8E39170057A88C /* MainTabBarViewController.swift in Sources */,
				BC338CF21E8E67890057A88C /* BackgroundTrackable.swift in Sources */,
				BC26D85B1E92075D00BD48BE /* EventCell.swift in Sources */,
				BC26D8551E92027E00BD48BE /* EventRepository.swift in Sources */,
				BC26D8531E9201BA00BD48BE /* Event.swift in Sources */,
				BC26D8571E9203BC00BD48BE /* EventService.swift in Sources */,
				BC338CD11E8E107F0057A88C /* Location.swift in Sources */,
				BC26D8511E91F92D00BD48BE /* LogViewController.swift in Sources */,
				BCAAD1A81E97934300235DCB /* Constant.swift in Sources */,
				BCAAD1A41E97417000235DCB /* Vector.swift in Sources */,
				BC26D8591E92064700BD48BE /* EventViewController.swift in Sources */,
				BC338CDF1E8E475E0057A88C /* MapViewController.swift in Sources */,
				BC338CF11E8E67890057A88C /* BackgroundLocationManager.swift in Sources */,
				BC338CF61E8E67890057A88C /* TrackingLocationManager.swift in Sources */,
				BC338CF41E8E67890057A88C /* Constants.swift in Sources */,
				BC338CF01E8E67890057A88C /* BackgroundLocationCache.swift in Sources */,
				BC338CF31E8E67890057A88C /* CLLocationCoordinate2D+Distance.swift in Sources */,
				BC338CE51E8E5EC90057A88C /* DateExtensions.swift in Sources */,
				BC338CCD1E8E10200057A88C /* Model.xcdatamodeld in Sources */,
				BCE47D7F1EA46B0C009DE796 /* LocationTracker.swift in Sources */,
				BC338CE31E8E5CCA0057A88C /* LocationCell.swift in Sources */,
				BC338CE11E8E47790057A88C /* LocationViewController.swift in Sources */,
				BCE47D831EA46D22009DE796 /* BackgroundTaskManager.swift in Sources */,
				BCE47D8D1EA46E82009DE796 /* LocationTracker.m in Sources */,
				BCE47D8B1EA46E82009DE796 /* BackgroundTaskManager.m in Sources */,
				BCC975791E9B30E7005A14B3 /* AppSettings.swift in Sources */,
				BCC975771E9B29B5005A14B3 /* SettingsViewController.swift in Sources */,
				BCE47D811EA46B70009DE796 /* LocationShareModel.swift in Sources */,
				BC338CF51E8E67890057A88C /* Result.swift in Sources */,
				BC26D8601E92237000BD48BE /* DatePickerView.swift in Sources */,
				BCAAD1A01E97410800235DCB /* KMeans.swift in Sources */,
				BCE47D8C1EA46E82009DE796 /* LocationShareModel.m in Sources */,
				BC26D85E1E9222DE00BD48BE /* Popup.swift in Sources */,
				BC338CDB1E8E3BBE0057A88C /* LocationService.swift in Sources */,
				BC338CCF1E8E10760057A88C /* EntityMapper.swift in Sources */,
			);
			runOnlyForDeploymentPostprocessing = 0;
		};
/* End PBXSourcesBuildPhase section */

/* Begin PBXVariantGroup section */
		BC338CB61E8E0F140057A88C /* Main.storyboard */ = {
			isa = PBXVariantGroup;
			children = (
				BC338CB71E8E0F140057A88C /* Base */,
			);
			name = Main.storyboard;
			path = ..;
			sourceTree = "<group>";
		};
		BC338CBB1E8E0F140057A88C /* LaunchScreen.storyboard */ = {
			isa = PBXVariantGroup;
			children = (
				BC338CBC1E8E0F140057A88C /* Base */,
			);
			name = LaunchScreen.storyboard;
			sourceTree = "<group>";
		};
/* End PBXVariantGroup section */

/* Begin XCBuildConfiguration section */
		BC338CBF1E8E0F140057A88C /* Debug */ = {
			isa = XCBuildConfiguration;
			buildSettings = {
				ALWAYS_SEARCH_USER_PATHS = NO;
				CLANG_ANALYZER_NONNULL = YES;
				CLANG_ANALYZER_NUMBER_OBJECT_CONVERSION = YES_AGGRESSIVE;
				CLANG_CXX_LANGUAGE_STANDARD = "gnu++0x";
				CLANG_CXX_LIBRARY = "libc++";
				CLANG_ENABLE_MODULES = YES;
				CLANG_ENABLE_OBJC_ARC = YES;
				CLANG_WARN_BOOL_CONVERSION = YES;
				CLANG_WARN_CONSTANT_CONVERSION = YES;
				CLANG_WARN_DIRECT_OBJC_ISA_USAGE = YES_ERROR;
				CLANG_WARN_DOCUMENTATION_COMMENTS = YES;
				CLANG_WARN_EMPTY_BODY = YES;
				CLANG_WARN_ENUM_CONVERSION = YES;
				CLANG_WARN_INFINITE_RECURSION = YES;
				CLANG_WARN_INT_CONVERSION = YES;
				CLANG_WARN_OBJC_ROOT_CLASS = YES_ERROR;
				CLANG_WARN_SUSPICIOUS_MOVE = YES;
				CLANG_WARN_UNREACHABLE_CODE = YES;
				CLANG_WARN__DUPLICATE_METHOD_MATCH = YES;
				"CODE_SIGN_IDENTITY[sdk=iphoneos*]" = "iPhone Developer";
				COPY_PHASE_STRIP = NO;
				DEBUG_INFORMATION_FORMAT = dwarf;
				ENABLE_STRICT_OBJC_MSGSEND = YES;
				ENABLE_TESTABILITY = YES;
				GCC_C_LANGUAGE_STANDARD = gnu99;
				GCC_DYNAMIC_NO_PIC = NO;
				GCC_NO_COMMON_BLOCKS = YES;
				GCC_OPTIMIZATION_LEVEL = 0;
				GCC_PREPROCESSOR_DEFINITIONS = (
					"DEBUG=1",
					"$(inherited)",
				);
				GCC_WARN_64_TO_32_BIT_CONVERSION = YES;
				GCC_WARN_ABOUT_RETURN_TYPE = YES_ERROR;
				GCC_WARN_UNDECLARED_SELECTOR = YES;
				GCC_WARN_UNINITIALIZED_AUTOS = YES_AGGRESSIVE;
				GCC_WARN_UNUSED_FUNCTION = YES;
				GCC_WARN_UNUSED_VARIABLE = YES;
				IPHONEOS_DEPLOYMENT_TARGET = 10.3;
				MTL_ENABLE_DEBUG_INFO = YES;
				ONLY_ACTIVE_ARCH = YES;
				SDKROOT = iphoneos;
				SWIFT_ACTIVE_COMPILATION_CONDITIONS = DEBUG;
				SWIFT_OPTIMIZATION_LEVEL = "-Onone";
			};
			name = Debug;
		};
		BC338CC01E8E0F140057A88C /* Release */ = {
			isa = XCBuildConfiguration;
			buildSettings = {
				ALWAYS_SEARCH_USER_PATHS = NO;
				CLANG_ANALYZER_NONNULL = YES;
				CLANG_ANALYZER_NUMBER_OBJECT_CONVERSION = YES_AGGRESSIVE;
				CLANG_CXX_LANGUAGE_STANDARD = "gnu++0x";
				CLANG_CXX_LIBRARY = "libc++";
				CLANG_ENABLE_MODULES = YES;
				CLANG_ENABLE_OBJC_ARC = YES;
				CLANG_WARN_BOOL_CONVERSION = YES;
				CLANG_WARN_CONSTANT_CONVERSION = YES;
				CLANG_WARN_DIRECT_OBJC_ISA_USAGE = YES_ERROR;
				CLANG_WARN_DOCUMENTATION_COMMENTS = YES;
				CLANG_WARN_EMPTY_BODY = YES;
				CLANG_WARN_ENUM_CONVERSION = YES;
				CLANG_WARN_INFINITE_RECURSION = YES;
				CLANG_WARN_INT_CONVERSION = YES;
				CLANG_WARN_OBJC_ROOT_CLASS = YES_ERROR;
				CLANG_WARN_SUSPICIOUS_MOVE = YES;
				CLANG_WARN_UNREACHABLE_CODE = YES;
				CLANG_WARN__DUPLICATE_METHOD_MATCH = YES;
				"CODE_SIGN_IDENTITY[sdk=iphoneos*]" = "iPhone Developer";
				COPY_PHASE_STRIP = NO;
				DEBUG_INFORMATION_FORMAT = "dwarf-with-dsym";
				ENABLE_NS_ASSERTIONS = NO;
				ENABLE_STRICT_OBJC_MSGSEND = YES;
				GCC_C_LANGUAGE_STANDARD = gnu99;
				GCC_NO_COMMON_BLOCKS = YES;
				GCC_WARN_64_TO_32_BIT_CONVERSION = YES;
				GCC_WARN_ABOUT_RETURN_TYPE = YES_ERROR;
				GCC_WARN_UNDECLARED_SELECTOR = YES;
				GCC_WARN_UNINITIALIZED_AUTOS = YES_AGGRESSIVE;
				GCC_WARN_UNUSED_FUNCTION = YES;
				GCC_WARN_UNUSED_VARIABLE = YES;
				IPHONEOS_DEPLOYMENT_TARGET = 10.3;
				MTL_ENABLE_DEBUG_INFO = NO;
				SDKROOT = iphoneos;
				SWIFT_OPTIMIZATION_LEVEL = "-Owholemodule";
				VALIDATE_PRODUCT = YES;
			};
			name = Release;
		};
		BC338CC21E8E0F140057A88C /* Debug */ = {
			isa = XCBuildConfiguration;
			baseConfigurationReference = F1379EA49C3DDCD2A1F28C44 /* Pods-MGLocationKitDemo.debug.xcconfig */;
			buildSettings = {
				ASSETCATALOG_COMPILER_APPICON_NAME = AppIcon;
				DEVELOPMENT_TEAM = NN74NJ78BB;
				INFOPLIST_FILE = MGLocationKitDemo/Info.plist;
				IPHONEOS_DEPLOYMENT_TARGET = 10.0;
				LD_RUNPATH_SEARCH_PATHS = "$(inherited) @executable_path/Frameworks";
				PRODUCT_BUNDLE_IDENTIFIER = truong.tuan.MGLocationKitDemo;
				PRODUCT_NAME = "$(TARGET_NAME)";
				SWIFT_OBJC_BRIDGING_HEADER = "MGLocationKitDemo/Bridging-Header.h";
				SWIFT_VERSION = 3.0;
			};
			name = Debug;
		};
		BC338CC31E8E0F140057A88C /* Release */ = {
			isa = XCBuildConfiguration;
			baseConfigurationReference = 09CC86C2D1CA29BEE2A37CE9 /* Pods-MGLocationKitDemo.release.xcconfig */;
			buildSettings = {
				ASSETCATALOG_COMPILER_APPICON_NAME = AppIcon;
				DEVELOPMENT_TEAM = NN74NJ78BB;
				INFOPLIST_FILE = MGLocationKitDemo/Info.plist;
				IPHONEOS_DEPLOYMENT_TARGET = 10.0;
				LD_RUNPATH_SEARCH_PATHS = "$(inherited) @executable_path/Frameworks";
				PRODUCT_BUNDLE_IDENTIFIER = truong.tuan.MGLocationKitDemo;
				PRODUCT_NAME = "$(TARGET_NAME)";
				SWIFT_OBJC_BRIDGING_HEADER = "MGLocationKitDemo/Bridging-Header.h";
				SWIFT_VERSION = 3.0;
			};
			name = Release;
		};
/* End XCBuildConfiguration section */

/* Begin XCConfigurationList section */
		BC338CAA1E8E0F140057A88C /* Build configuration list for PBXProject "MGLocationKitDemo" */ = {
			isa = XCConfigurationList;
			buildConfigurations = (
				BC338CBF1E8E0F140057A88C /* Debug */,
				BC338CC01E8E0F140057A88C /* Release */,
			);
			defaultConfigurationIsVisible = 0;
			defaultConfigurationName = Release;
		};
		BC338CC11E8E0F140057A88C /* Build configuration list for PBXNativeTarget "MGLocationKitDemo" */ = {
			isa = XCConfigurationList;
			buildConfigurations = (
				BC338CC21E8E0F140057A88C /* Debug */,
				BC338CC31E8E0F140057A88C /* Release */,
			);
			defaultConfigurationIsVisible = 0;
			defaultConfigurationName = Release;
		};
/* End XCConfigurationList section */

/* Begin XCVersionGroup section */
		BC338CCB1E8E10200057A88C /* Model.xcdatamodeld */ = {
			isa = XCVersionGroup;
			children = (
				BC338CCC1E8E10200057A88C /* Model.xcdatamodel */,
			);
			currentVersion = BC338CCC1E8E10200057A88C /* Model.xcdatamodel */;
			path = Model.xcdatamodeld;
			sourceTree = "<group>";
			versionGroupType = wrapper.xcdatamodel;
		};
/* End XCVersionGroup section */
	};
	rootObject = BC338CA71E8E0F140057A88C /* Project object */;
}
